
Microsoft Visual Studio Solution File, Format Version 12.00
# Visual Studio Version 16
VisualStudioVersion = 16.0.32228.343
MinimumVisualStudioVersion = 10.0.40219.1
Project("{9A19103F-16F7-4668-BE54-9A1E7A4F7556}") = "Lingvo.NER.NeuralNetwork.TrainCorpusCreator", "Lingvo.NER.NeuralNetwork.TrainCorpusCreator.csproj", "{0154091A-54AD-48CA-9EBE-7B6F0196DA33}"
EndProject
Project("{9A19103F-16F7-4668-BE54-9A1E7A4F7556}") = "Lingvo.NER.NeuralNetwork.Tokenizing", "..\..\NNER\Lingvo.NER.NeuralNetwork.Tokenizing\Lingvo.NER.NeuralNetwork.Tokenizing.csproj", "{5E7F581C-8874-4FCB-B407-EC5435546992}"
EndProject
Global
	GlobalSection(SolutionConfigurationPlatforms) = preSolution
		Debug|Any CPU = Debug|Any CPU
		Release|Any CPU = Release|Any CPU
	EndGlobalSection
	GlobalSection(ProjectConfigurationPlatforms) = postSolution
		{0154091A-54AD-48CA-9EBE-7B6F0196DA33}.Debug|Any CPU.ActiveCfg = Debug|Any CPU
		{0154091A-54AD-48CA-9EBE-7B6F0196DA33}.Debug|Any CPU.Build.0 = Debug|Any CPU
		{0154091A-54AD-48CA-9EBE-7B6F0196DA33}.Release|Any CPU.ActiveCfg = Release|Any CPU
		{0154091A-54AD-48CA-9EBE-7B6F0196DA33}.Release|Any CPU.Build.0 = Release|Any CPU
		{5E7F581C-8874-4FCB-B407-EC5435546992}.Debug|Any CPU.ActiveCfg = Debug|Any CPU
		{5E7F581C-8874-4FCB-B407-EC5435546992}.Debug|Any CPU.Build.0 = Debug|Any CPU
		{5E7F581C-8874-4FCB-B407-EC5435546992}.Release|Any CPU.ActiveCfg = Release|Any CPU
		{5E7F581C-8874-4FCB-B407-EC5435546992}.Release|Any CPU.Build.0 = Release|Any CPU
	EndGlobalSection
	GlobalSection(SolutionProperties) = preSolution
		HideSolutionNode = FALSE
	EndGlobalSection
	GlobalSection(ExtensibilityGlobals) = postSolution
		SolutionGuid = {32900776-76DF-41E7-8EB8-6B0365857363}
	EndGlobalSection
EndGlobal
