
Microsoft Visual Studio Solution File, Format Version 12.00
# Visual Studio Version 16
VisualStudioVersion = 16.0.32126.315
MinimumVisualStudioVersion = 10.0.40219.1
Project("{2150E333-8FDC-42A3-9474-1A3956D46DE8}") = "NNER", "NNER", "{C3A2604A-AE49-4082-A13F-977F63F27DAE}"
EndProject
Project("{9A19103F-16F7-4668-BE54-9A1E7A4F7556}") = "Lingvo.NER.NeuralNetwork.Tensors", "..\Lingvo.NER.NeuralNetwork\NNER\Lingvo.NER.NeuralNetwork.Tensors\Lingvo.NER.NeuralNetwork.Tensors.csproj", "{B986E2F7-4C30-43AB-B217-4D470EFB3B07}"
EndProject
Project("{9A19103F-16F7-4668-BE54-9A1E7A4F7556}") = "Lingvo.NER.NeuralNetwork.Tensors.Cuda", "..\Lingvo.NER.NeuralNetwork\NNER\Lingvo.NER.NeuralNetwork.Tensors.Cuda\Lingvo.NER.NeuralNetwork.Tensors.Cuda.csproj", "{FD355F49-3A5A-41A2-B89A-CDD729C0DAFC}"
EndProject
Project("{9A19103F-16F7-4668-BE54-9A1E7A4F7556}") = "Lingvo.NER.NeuralNetwork.Utils", "..\Lingvo.NER.NeuralNetwork\NNER\Lingvo.NER.NeuralNetwork.Utils\Lingvo.NER.NeuralNetwork.Utils.csproj", "{EEF21892-1200-42AF-87E2-54F54B08EB43}"
EndProject
Project("{9A19103F-16F7-4668-BE54-9A1E7A4F7556}") = "Lingvo.NER.NeuralNetwork", "..\Lingvo.NER.NeuralNetwork\NNER\Lingvo.NER.NeuralNetwork\Lingvo.NER.NeuralNetwork.csproj", "{C5F87CF5-7049-49E9-B693-CFE95B6CD445}"
EndProject
Project("{9A19103F-16F7-4668-BE54-9A1E7A4F7556}") = "Lingvo.NER.Combined.ConsoleDemo", "Lingvo.NER.Combined.ConsoleDemo\Lingvo.NER.Combined.ConsoleDemo.csproj", "{4090A45F-2060-4BF7-B608-B6B567BB822F}"
EndProject
Project("{9A19103F-16F7-4668-BE54-9A1E7A4F7556}") = "Lingvo.NER.Combined.WebService", "Lingvo.NER.Combined.WebService\Lingvo.NER.Combined.WebService\Lingvo.NER.Combined.WebService.csproj", "{5798881A-7FE5-45B1-920B-D40C3AE40AD4}"
EndProject
Project("{2150E333-8FDC-42A3-9474-1A3956D46DE8}") = "WebService", "WebService", "{F04981B1-7439-4776-BB92-2B9832FDD32C}"
EndProject
Project("{9A19103F-16F7-4668-BE54-9A1E7A4F7556}") = "Lingvo.NER.Combined.WebServiceTestApp", "Lingvo.NER.Combined.WebService\Lingvo.NER.Combined.WebServiceTestApp\Lingvo.NER.Combined.WebServiceTestApp.csproj", "{5B5E3865-75DC-4313-A7B6-9D9680826FEC}"
EndProject
Project("{9A19103F-16F7-4668-BE54-9A1E7A4F7556}") = "Lingvo.NER.NeuralNetwork.Tokenizing", "..\Lingvo.NER.NeuralNetwork\NNER\Lingvo.NER.NeuralNetwork.Tokenizing\Lingvo.NER.NeuralNetwork.Tokenizing.csproj", "{30794397-02AD-4848-B673-7D7056D6BB23}"
EndProject
Project("{2150E333-8FDC-42A3-9474-1A3956D46DE8}") = "NER", "NER", "{7F07E7A8-F9C2-403F-AD11-7703C136101E}"
EndProject
Project("{9A19103F-16F7-4668-BE54-9A1E7A4F7556}") = "Lingvo.NER.Combined", "Lingvo.NER.Combined\Lingvo.NER.Combined.csproj", "{B7169757-E945-46AC-A673-F3FE64B3C915}"
EndProject
Project("{9A19103F-16F7-4668-BE54-9A1E7A4F7556}") = "Lingvo.NER.Rules.core", "..\Lingvo.NER.Rules\NER\Lingvo.NER.Rules.core\Lingvo.NER.Rules.core.csproj", "{27CCB370-C2E3-4CCA-886D-87678E8F36B8}"
EndProject
Project("{9A19103F-16F7-4668-BE54-9A1E7A4F7556}") = "Lingvo.NER.Rules-rules", "..\Lingvo.NER.Rules\NER\Lingvo.NER.Rules-rules\Lingvo.NER.Rules-rules.csproj", "{13749A1B-C7B8-4A47-A9E9-D9A6F2846C97}"
EndProject
Project("{9A19103F-16F7-4668-BE54-9A1E7A4F7556}") = "Lingvo.NER.Rules.config", "..\Lingvo.NER.Rules\NER\Lingvo.NER.Rules.config\Lingvo.NER.Rules.config.csproj", "{5A6C0127-52B1-4389-BF05-57AA236F5F36}"
EndProject
Global
	GlobalSection(SolutionConfigurationPlatforms) = preSolution
		Debug|Any CPU = Debug|Any CPU
		Release|Any CPU = Release|Any CPU
	EndGlobalSection
	GlobalSection(ProjectConfigurationPlatforms) = postSolution
		{B986E2F7-4C30-43AB-B217-4D470EFB3B07}.Debug|Any CPU.ActiveCfg = Debug|Any CPU
		{B986E2F7-4C30-43AB-B217-4D470EFB3B07}.Debug|Any CPU.Build.0 = Debug|Any CPU
		{B986E2F7-4C30-43AB-B217-4D470EFB3B07}.Release|Any CPU.ActiveCfg = Release|Any CPU
		{B986E2F7-4C30-43AB-B217-4D470EFB3B07}.Release|Any CPU.Build.0 = Release|Any CPU
		{FD355F49-3A5A-41A2-B89A-CDD729C0DAFC}.Debug|Any CPU.ActiveCfg = Debug|Any CPU
		{FD355F49-3A5A-41A2-B89A-CDD729C0DAFC}.Debug|Any CPU.Build.0 = Debug|Any CPU
		{FD355F49-3A5A-41A2-B89A-CDD729C0DAFC}.Release|Any CPU.ActiveCfg = Release|Any CPU
		{FD355F49-3A5A-41A2-B89A-CDD729C0DAFC}.Release|Any CPU.Build.0 = Release|Any CPU
		{EEF21892-1200-42AF-87E2-54F54B08EB43}.Debug|Any CPU.ActiveCfg = Debug|Any CPU
		{EEF21892-1200-42AF-87E2-54F54B08EB43}.Debug|Any CPU.Build.0 = Debug|Any CPU
		{EEF21892-1200-42AF-87E2-54F54B08EB43}.Release|Any CPU.ActiveCfg = Release|Any CPU
		{EEF21892-1200-42AF-87E2-54F54B08EB43}.Release|Any CPU.Build.0 = Release|Any CPU
		{C5F87CF5-7049-49E9-B693-CFE95B6CD445}.Debug|Any CPU.ActiveCfg = Debug|Any CPU
		{C5F87CF5-7049-49E9-B693-CFE95B6CD445}.Debug|Any CPU.Build.0 = Debug|Any CPU
		{C5F87CF5-7049-49E9-B693-CFE95B6CD445}.Release|Any CPU.ActiveCfg = Release|Any CPU
		{C5F87CF5-7049-49E9-B693-CFE95B6CD445}.Release|Any CPU.Build.0 = Release|Any CPU
		{4090A45F-2060-4BF7-B608-B6B567BB822F}.Debug|Any CPU.ActiveCfg = Debug|Any CPU
		{4090A45F-2060-4BF7-B608-B6B567BB822F}.Debug|Any CPU.Build.0 = Debug|Any CPU
		{4090A45F-2060-4BF7-B608-B6B567BB822F}.Release|Any CPU.ActiveCfg = Release|Any CPU
		{4090A45F-2060-4BF7-B608-B6B567BB822F}.Release|Any CPU.Build.0 = Release|Any CPU
		{5798881A-7FE5-45B1-920B-D40C3AE40AD4}.Debug|Any CPU.ActiveCfg = Debug|Any CPU
		{5798881A-7FE5-45B1-920B-D40C3AE40AD4}.Debug|Any CPU.Build.0 = Debug|Any CPU
		{5798881A-7FE5-45B1-920B-D40C3AE40AD4}.Release|Any CPU.ActiveCfg = Release|Any CPU
		{5798881A-7FE5-45B1-920B-D40C3AE40AD4}.Release|Any CPU.Build.0 = Release|Any CPU
		{5B5E3865-75DC-4313-A7B6-9D9680826FEC}.Debug|Any CPU.ActiveCfg = Debug|Any CPU
		{5B5E3865-75DC-4313-A7B6-9D9680826FEC}.Debug|Any CPU.Build.0 = Debug|Any CPU
		{5B5E3865-75DC-4313-A7B6-9D9680826FEC}.Release|Any CPU.ActiveCfg = Release|Any CPU
		{5B5E3865-75DC-4313-A7B6-9D9680826FEC}.Release|Any CPU.Build.0 = Release|Any CPU
		{30794397-02AD-4848-B673-7D7056D6BB23}.Debug|Any CPU.ActiveCfg = Debug|Any CPU
		{30794397-02AD-4848-B673-7D7056D6BB23}.Debug|Any CPU.Build.0 = Debug|Any CPU
		{30794397-02AD-4848-B673-7D7056D6BB23}.Release|Any CPU.ActiveCfg = Release|Any CPU
		{30794397-02AD-4848-B673-7D7056D6BB23}.Release|Any CPU.Build.0 = Release|Any CPU
		{B7169757-E945-46AC-A673-F3FE64B3C915}.Debug|Any CPU.ActiveCfg = Debug|Any CPU
		{B7169757-E945-46AC-A673-F3FE64B3C915}.Debug|Any CPU.Build.0 = Debug|Any CPU
		{B7169757-E945-46AC-A673-F3FE64B3C915}.Release|Any CPU.ActiveCfg = Release|Any CPU
		{B7169757-E945-46AC-A673-F3FE64B3C915}.Release|Any CPU.Build.0 = Release|Any CPU
		{27CCB370-C2E3-4CCA-886D-87678E8F36B8}.Debug|Any CPU.ActiveCfg = Debug|Any CPU
		{27CCB370-C2E3-4CCA-886D-87678E8F36B8}.Debug|Any CPU.Build.0 = Debug|Any CPU
		{27CCB370-C2E3-4CCA-886D-87678E8F36B8}.Release|Any CPU.ActiveCfg = Release|Any CPU
		{27CCB370-C2E3-4CCA-886D-87678E8F36B8}.Release|Any CPU.Build.0 = Release|Any CPU
		{13749A1B-C7B8-4A47-A9E9-D9A6F2846C97}.Debug|Any CPU.ActiveCfg = Debug|Any CPU
		{13749A1B-C7B8-4A47-A9E9-D9A6F2846C97}.Debug|Any CPU.Build.0 = Debug|Any CPU
		{13749A1B-C7B8-4A47-A9E9-D9A6F2846C97}.Release|Any CPU.ActiveCfg = Release|Any CPU
		{13749A1B-C7B8-4A47-A9E9-D9A6F2846C97}.Release|Any CPU.Build.0 = Release|Any CPU
		{5A6C0127-52B1-4389-BF05-57AA236F5F36}.Debug|Any CPU.ActiveCfg = Debug|Any CPU
		{5A6C0127-52B1-4389-BF05-57AA236F5F36}.Debug|Any CPU.Build.0 = Debug|Any CPU
		{5A6C0127-52B1-4389-BF05-57AA236F5F36}.Release|Any CPU.ActiveCfg = Release|Any CPU
		{5A6C0127-52B1-4389-BF05-57AA236F5F36}.Release|Any CPU.Build.0 = Release|Any CPU
	EndGlobalSection
	GlobalSection(SolutionProperties) = preSolution
		HideSolutionNode = FALSE
	EndGlobalSection
	GlobalSection(NestedProjects) = preSolution
		{B986E2F7-4C30-43AB-B217-4D470EFB3B07} = {C3A2604A-AE49-4082-A13F-977F63F27DAE}
		{FD355F49-3A5A-41A2-B89A-CDD729C0DAFC} = {C3A2604A-AE49-4082-A13F-977F63F27DAE}
		{EEF21892-1200-42AF-87E2-54F54B08EB43} = {C3A2604A-AE49-4082-A13F-977F63F27DAE}
		{C5F87CF5-7049-49E9-B693-CFE95B6CD445} = {C3A2604A-AE49-4082-A13F-977F63F27DAE}
		{5798881A-7FE5-45B1-920B-D40C3AE40AD4} = {F04981B1-7439-4776-BB92-2B9832FDD32C}
		{5B5E3865-75DC-4313-A7B6-9D9680826FEC} = {F04981B1-7439-4776-BB92-2B9832FDD32C}
		{30794397-02AD-4848-B673-7D7056D6BB23} = {C3A2604A-AE49-4082-A13F-977F63F27DAE}
		{27CCB370-C2E3-4CCA-886D-87678E8F36B8} = {7F07E7A8-F9C2-403F-AD11-7703C136101E}
		{13749A1B-C7B8-4A47-A9E9-D9A6F2846C97} = {7F07E7A8-F9C2-403F-AD11-7703C136101E}
		{5A6C0127-52B1-4389-BF05-57AA236F5F36} = {7F07E7A8-F9C2-403F-AD11-7703C136101E}
	EndGlobalSection
	GlobalSection(ExtensibilityGlobals) = postSolution
		SolutionGuid = {53563ED2-3CD0-475B-B3B5-A698ED837CC2}
	EndGlobalSection
EndGlobal
